
Microsoft Visual Studio Solution File, Format Version 12.00
# Visual Studio 15
VisualStudioVersion = 15.0.28307.438
MinimumVisualStudioVersion = 10.0.40219.1
Project("{FAE04EC0-301F-11D3-BF4B-00C04F79EFBC}") = "LynnMod", "LynnMod\LynnMod.csproj", "{5CA1F629-9D27-462E-8254-BC4A9F183523}"
EndProject
Global
	GlobalSection(SolutionConfigurationPlatforms) = preSolution
		Debug|Any CPU = Debug|Any CPU
		Release|Any CPU = Release|Any CPU
	EndGlobalSection
	GlobalSection(ProjectConfigurationPlatforms) = postSolution
		{5CA1F629-9D27-462E-8254-BC4A9F183523}.Debug|Any CPU.ActiveCfg = Debug|Any CPU
		{5CA1F629-9D27-462E-8254-BC4A9F183523}.Debug|Any CPU.Build.0 = Debug|Any CPU
		{5CA1F629-9D27-462E-8254-BC4A9F183523}.Release|Any CPU.ActiveCfg = Release|Any CPU
		{5CA1F629-9D27-462E-8254-BC4A9F183523}.Release|Any CPU.Build.0 = Release|Any CPU
	EndGlobalSection
	GlobalSection(SolutionProperties) = preSolution
		HideSolutionNode = FALSE
	EndGlobalSection
	GlobalSection(ExtensibilityGlobals) = postSolution
		SolutionGuid = {04707C23-19D9-43B6-B337-CF1E9919DC41}
	EndGlobalSection
EndGlobal
